
Microsoft Visual Studio Solution File, Format Version 12.00
# Visual Studio Version 16
VisualStudioVersion = 16.0.32602.291
MinimumVisualStudioVersion = 10.0.40219.1
Project("{FAE04EC0-301F-11D3-BF4B-00C04F79EFBC}") = "CustomizableSlime", "CustomizableSlime.csproj", "{37B3811A-0A86-4707-B071-091B3A3D1DEB}"
EndProject
Global
	GlobalSection(SolutionConfigurationPlatforms) = preSolution
		Debug|Any CPU = Debug|Any CPU
		Release|Any CPU = Release|Any CPU
	EndGlobalSection
	GlobalSection(ProjectConfigurationPlatforms) = postSolution
		{37B3811A-0A86-4707-B071-091B3A3D1DEB}.Debug|Any CPU.ActiveCfg = Debug|Any CPU
		{37B3811A-0A86-4707-B071-091B3A3D1DEB}.Debug|Any CPU.Build.0 = Debug|Any CPU
		{37B3811A-0A86-4707-B071-091B3A3D1DEB}.Release|Any CPU.ActiveCfg = Release|Any CPU
		{37B3811A-0A86-4707-B071-091B3A3D1DEB}.Release|Any CPU.Build.0 = Release|Any CPU
	EndGlobalSection
	GlobalSection(SolutionProperties) = preSolution
		HideSolutionNode = FALSE
	EndGlobalSection
	GlobalSection(ExtensibilityGlobals) = postSolution
		SolutionGuid = {0ED8B4D8-36A0-486D-AE1E-B0F3334A6905}
	EndGlobalSection
EndGlobal
